// !$*UTF8*$!
{
	archiveVersion = 1;
	classes = {
	};
	objectVersion = 50;
	objects = {

/* Begin PBXBuildFile section */
		ACC32BB322DF8E8D00B23498 /* AppDelegate.swift in Sources */ = {isa = PBXBuildFile; fileRef = ACC32BB222DF8E8D00B23498 /* AppDelegate.swift */; };
		ACC32BB522DF8E8D00B23498 /* SceneDelegate.swift in Sources */ = {isa = PBXBuildFile; fileRef = ACC32BB422DF8E8D00B23498 /* SceneDelegate.swift */; };
		ACC32BB722DF8E8D00B23498 /* ContentView.swift in Sources */ = {isa = PBXBuildFile; fileRef = ACC32BB622DF8E8D00B23498 /* ContentView.swift */; };
		ACC32BB922DF8E8F00B23498 /* Assets.xcassets in Resources */ = {isa = PBXBuildFile; fileRef = ACC32BB822DF8E8F00B23498 /* Assets.xcassets */; };
		ACC32BBC22DF8E8F00B23498 /* Preview Assets.xcassets in Resources */ = {isa = PBXBuildFile; fileRef = ACC32BBB22DF8E8F00B23498 /* Preview Assets.xcassets */; };
		ACC32BBF22DF8E8F00B23498 /* LaunchScreen.storyboard in Resources */ = {isa = PBXBuildFile; fileRef = ACC32BBD22DF8E8F00B23498 /* LaunchScreen.storyboard */; };
/* End PBXBuildFile section */

/* Begin PBXFileReference section */
		ACC32BAF22DF8E8D00B23498 /* SwiftUITableViewSheeps.app */ = {isa = PBXFileReference; explicitFileType = wrapper.application; includeInIndex = 0; path = SwiftUITableViewSheeps.app; sourceTree = BUILT_PRODUCTS_DIR; };
		ACC32BB222DF8E8D00B23498 /* AppDelegate.swift */ = {isa = PBXFileReference; lastKnownFileType = sourcecode.swift; path = AppDelegate.swift; sourceTree = "<group>"; };
		ACC32BB422DF8E8D00B23498 /* SceneDelegate.swift */ = {isa = PBXFileReference; lastKnownFileType = sourcecode.swift; path = SceneDelegate.swift; sourceTree = "<group>"; };
		ACC32BB622DF8E8D00B23498 /* ContentView.swift */ = {isa = PBXFileReference; lastKnownFileType = sourcecode.swift; path = ContentView.swift; sourceTree = "<group>"; };
		ACC32BB822DF8E8F00B23498 /* Assets.xcassets */ = {isa = PBXFileReference; lastKnownFileType = folder.assetcatalog; path = Assets.xcassets; sourceTree = "<group>"; };
		ACC32BBB22DF8E8F00B23498 /* Preview Assets.xcassets */ = {isa = PBXFileReference; lastKnownFileType = folder.assetcatalog; path = "Preview Assets.xcassets"; sourceTree = "<group>"; };
		ACC32BBE22DF8E8F00B23498 /* Base */ = {isa = PBXFileReference; lastKnownFileType = file.storyboard; name = Base; path = Base.lproj/LaunchScreen.storyboard; sourceTree = "<group>"; };
		ACC32BC022DF8E8F00B23498 /* Info.plist */ = {isa = PBXFileReference; lastKnownFileType = text.plist.xml; path = Info.plist; sourceTree = "<group>"; };
/* End PBXFileReference section */

/* Begin PBXFrameworksBuildPhase section */
		ACC32BAC22DF8E8D00B23498 /* Frameworks */ = {
			isa = PBXFrameworksBuildPhase;
			buildActionMask = 2147483647;
			files = (
			);
			runOnlyForDeploymentPostprocessing = 0;
		};
/* End PBXFrameworksBuildPhase section */

/* Begin PBXGroup section */
		ACC32BA622DF8E8D00B23498 = {
			isa = PBXGroup;
			children = (
				ACC32BB122DF8E8D00B23498 /* SwiftUITableViewSheeps */,
				ACC32BB022DF8E8D00B23498 /* Products */,
			);
			sourceTree = "<group>";
		};
		ACC32BB022DF8E8D00B23498 /* Products */ = {
			isa = PBXGroup;
			children = (
				ACC32BAF22DF8E8D00B23498 /* SwiftUITableViewSheeps.app */,
			);
			name = Products;
			sourceTree = "<group>";
		};
		ACC32BB122DF8E8D00B23498 /* SwiftUITableViewSheeps */ = {
			isa = PBXGroup;
			children = (
				ACC32BB222DF8E8D00B23498 /* AppDelegate.swift */,
				ACC32BB422DF8E8D00B23498 /* SceneDelegate.swift */,
				ACC32BB622DF8E8D00B23498 /* ContentView.swift */,
				ACC32BB822DF8E8F00B23498 /* Assets.xcassets */,
				ACC32BBD22DF8E8F00B23498 /* LaunchScreen.storyboard */,
				ACC32BC022DF8E8F00B23498 /* Info.plist */,
				ACC32BBA22DF8E8F00B23498 /* Preview Content */,
			);
			path = SwiftUITableViewSheeps;
			sourceTree = "<group>";
		};
		ACC32BBA22DF8E8F00B23498 /* Preview Content */ = {
			isa = PBXGroup;
			children = (
				ACC32BBB22DF8E8F00B23498 /* Preview Assets.xcassets */,
			);
			path = "Preview Content";
			sourceTree = "<group>";
		};
/* End PBXGroup section */

/* Begin PBXNativeTarget section */
		ACC32BAE22DF8E8D00B23498 /* SwiftUITableViewSheeps */ = {
			isa = PBXNativeTarget;
			buildConfigurationList = ACC32BC322DF8E8F00B23498 /* Build configuration list for PBXNativeTarget "SwiftUITableViewSheeps" */;
			buildPhases = (
				ACC32BAB22DF8E8D00B23498 /* Sources */,
				ACC32BAC22DF8E8D00B23498 /* Frameworks */,
				ACC32BAD22DF8E8D00B23498 /* Resources */,
			);
			buildRules = (
			);
			dependencies = (
			);
			name = SwiftUITableViewSheeps;
			productName = SwiftUITableViewSheeps;
			productReference = ACC32BAF22DF8E8D00B23498 /* SwiftUITableViewSheeps.app */;
			productType = "com.apple.product-type.application";
		};
/* End PBXNativeTarget section */

/* Begin PBXProject section */
		ACC32BA722DF8E8D00B23498 /* Project object */ = {
			isa = PBXProject;
			attributes = {
				LastSwiftUpdateCheck = 1100;
				LastUpgradeCheck = 1100;
				ORGANIZATIONNAME = "Артем";
				TargetAttributes = {
					ACC32BAE22DF8E8D00B23498 = {
						CreatedOnToolsVersion = 11.0;
					};
				};
			};
			buildConfigurationList = ACC32BAA22DF8E8D00B23498 /* Build configuration list for PBXProject "SwiftUITableViewSheeps" */;
			compatibilityVersion = "Xcode 9.3";
			developmentRegion = en;
			hasScannedForEncodings = 0;
			knownRegions = (
				en,
				Base,
			);
			mainGroup = ACC32BA622DF8E8D00B23498;
			productRefGroup = ACC32BB022DF8E8D00B23498 /* Products */;
			projectDirPath = "";
			projectRoot = "";
			targets = (
				ACC32BAE22DF8E8D00B23498 /* SwiftUITableViewSheeps */,
			);
		};
/* End PBXProject section */

/* Begin PBXResourcesBuildPhase section */
		ACC32BAD22DF8E8D00B23498 /* Resources */ = {
			isa = PBXResourcesBuildPhase;
			buildActionMask = 2147483647;
			files = (
				ACC32BBF22DF8E8F00B23498 /* LaunchScreen.storyboard in Resources */,
				ACC32BBC22DF8E8F00B23498 /* Preview Assets.xcassets in Resources */,
				ACC32BB922DF8E8F00B23498 /* Assets.xcassets in Resources */,
			);
			runOnlyForDeploymentPostprocessing = 0;
		};
/* End PBXResourcesBuildPhase section */

/* Begin PBXSourcesBuildPhase section */
		ACC32BAB22DF8E8D00B23498 /* Sources */ = {
			isa = PBXSourcesBuildPhase;
			buildActionMask = 2147483647;
			files = (
				ACC32BB322DF8E8D00B23498 /* AppDelegate.swift in Sources */,
				ACC32BB522DF8E8D00B23498 /* SceneDelegate.swift in Sources */,
				ACC32BB722DF8E8D00B23498 /* ContentView.swift in Sources */,
			);
			runOnlyForDeploymentPostprocessing = 0;
		};
/* End PBXSourcesBuildPhase section */

/* Begin PBXVariantGroup section */
		ACC32BBD22DF8E8F00B23498 /* LaunchScreen.storyboard */ = {
			isa = PBXVariantGroup;
			children = (
				ACC32BBE22DF8E8F00B23498 /* Base */,
			);
			name = LaunchScreen.storyboard;
			sourceTree = "<group>";
		};
/* End PBXVariantGroup section */

/* Begin XCBuildConfiguration section */
		ACC32BC122DF8E8F00B23498 /* Debug */ = {
			isa = XCBuildConfiguration;
			buildSettings = {
				ALWAYS_SEARCH_USER_PATHS = NO;
				CLANG_ANALYZER_NONNULL = YES;
				CLANG_ANALYZER_NUMBER_OBJECT_CONVERSION = YES_AGGRESSIVE;
				CLANG_CXX_LANGUAGE_STANDARD = "gnu++14";
				CLANG_CXX_LIBRARY = "libc++";
				CLANG_ENABLE_MODULES = YES;
				CLANG_ENABLE_OBJC_ARC = YES;
				CLANG_ENABLE_OBJC_WEAK = YES;
				CLANG_WARN_BLOCK_CAPTURE_AUTORELEASING = YES;
				CLANG_WARN_BOOL_CONVERSION = YES;
				CLANG_WARN_COMMA = YES;
				CLANG_WARN_CONSTANT_CONVERSION = YES;
				CLANG_WARN_DEPRECATED_OBJC_IMPLEMENTATIONS = YES;
				CLANG_WARN_DIRECT_OBJC_ISA_USAGE = YES_ERROR;
				CLANG_WARN_DOCUMENTATION_COMMENTS = YES;
				CLANG_WARN_EMPTY_BODY = YES;
				CLANG_WARN_ENUM_CONVERSION = YES;
				CLANG_WARN_INFINITE_RECURSION = YES;
				CLANG_WARN_INT_CONVERSION = YES;
				CLANG_WARN_NON_LITERAL_NULL_CONVERSION = YES;
				CLANG_WARN_OBJC_IMPLICIT_RETAIN_SELF = YES;
				CLANG_WARN_OBJC_LITERAL_CONVERSION = YES;
				CLANG_WARN_OBJC_ROOT_CLASS = YES_ERROR;
				CLANG_WARN_RANGE_LOOP_ANALYSIS = YES;
				CLANG_WARN_STRICT_PROTOTYPES = YES;
				CLANG_WARN_SUSPICIOUS_MOVE = YES;
				CLANG_WARN_UNGUARDED_AVAILABILITY = YES_AGGRESSIVE;
				CLANG_WARN_UNREACHABLE_CODE = YES;
				CLANG_WARN__DUPLICATE_METHOD_MATCH = YES;
				COPY_PHASE_STRIP = NO;
				DEBUG_INFORMATION_FORMAT = dwarf;
				ENABLE_STRICT_OBJC_MSGSEND = YES;
				ENABLE_TESTABILITY = YES;
				GCC_C_LANGUAGE_STANDARD = gnu11;
				GCC_DYNAMIC_NO_PIC = NO;
				GCC_NO_COMMON_BLOCKS = YES;
				GCC_OPTIMIZATION_LEVEL = 0;
				GCC_PREPROCESSOR_DEFINITIONS = (
					"DEBUG=1",
					"$(inherited)",
				);
				GCC_WARN_64_TO_32_BIT_CONVERSION = YES;
				GCC_WARN_ABOUT_RETURN_TYPE = YES_ERROR;
				GCC_WARN_UNDECLARED_SELECTOR = YES;
				GCC_WARN_UNINITIALIZED_AUTOS = YES_AGGRESSIVE;
				GCC_WARN_UNUSED_FUNCTION = YES;
				GCC_WARN_UNUSED_VARIABLE = YES;
				IPHONEOS_DEPLOYMENT_TARGET = 13.0;
				MTL_ENABLE_DEBUG_INFO = INCLUDE_SOURCE;
				MTL_FAST_MATH = YES;
				ONLY_ACTIVE_ARCH = YES;
				SDKROOT = iphoneos;
				SWIFT_ACTIVE_COMPILATION_CONDITIONS = DEBUG;
				SWIFT_OPTIMIZATION_LEVEL = "-Onone";
			};
			name = Debug;
		};
		ACC32BC222DF8E8F00B23498 /* Release */ = {
			isa = XCBuildConfiguration;
			buildSettings = {
				ALWAYS_SEARCH_USER_PATHS = NO;
				CLANG_ANALYZER_NONNULL = YES;
				CLANG_ANALYZER_NUMBER_OBJECT_CONVERSION = YES_AGGRESSIVE;
				CLANG_CXX_LANGUAGE_STANDARD = "gnu++14";
				CLANG_CXX_LIBRARY = "libc++";
				CLANG_ENABLE_MODULES = YES;
				CLANG_ENABLE_OBJC_ARC = YES;
				CLANG_ENABLE_OBJC_WEAK = YES;
				CLANG_WARN_BLOCK_CAPTURE_AUTORELEASING = YES;
				CLANG_WARN_BOOL_CONVERSION = YES;
				CLANG_WARN_COMMA = YES;
				CLANG_WARN_CONSTANT_CONVERSION = YES;
				CLANG_WARN_DEPRECATED_OBJC_IMPLEMENTATIONS = YES;
				CLANG_WARN_DIRECT_OBJC_ISA_USAGE = YES_ERROR;
				CLANG_WARN_DOCUMENTATION_COMMENTS = YES;
				CLANG_WARN_EMPTY_BODY = YES;
				CLANG_WARN_ENUM_CONVERSION = YES;
				CLANG_WARN_INFINITE_RECURSION = YES;
				CLANG_WARN_INT_CONVERSION = YES;
				CLANG_WARN_NON_LITERAL_NULL_CONVERSION = YES;
				CLANG_WARN_OBJC_IMPLICIT_RETAIN_SELF = YES;
				CLANG_WARN_OBJC_LITERAL_CONVERSION = YES;
				CLANG_WARN_OBJC_ROOT_CLASS = YES_ERROR;
				CLANG_WARN_RANGE_LOOP_ANALYSIS = YES;
				CLANG_WARN_STRICT_PROTOTYPES = YES;
				CLANG_WARN_SUSPICIOUS_MOVE = YES;
				CLANG_WARN_UNGUARDED_AVAILABILITY = YES_AGGRESSIVE;
				CLANG_WARN_UNREACHABLE_CODE = YES;
				CLANG_WARN__DUPLICATE_METHOD_MATCH = YES;
				COPY_PHASE_STRIP = NO;
				DEBUG_INFORMATION_FORMAT = "dwarf-with-dsym";
				ENABLE_NS_ASSERTIONS = NO;
				ENABLE_STRICT_OBJC_MSGSEND = YES;
				GCC_C_LANGUAGE_STANDARD = gnu11;
				GCC_NO_COMMON_BLOCKS = YES;
				GCC_WARN_64_TO_32_BIT_CONVERSION = YES;
				GCC_WARN_ABOUT_RETURN_TYPE = YES_ERROR;
				GCC_WARN_UNDECLARED_SELECTOR = YES;
				GCC_WARN_UNINITIALIZED_AUTOS = YES_AGGRESSIVE;
				GCC_WARN_UNUSED_FUNCTION = YES;
				GCC_WARN_UNUSED_VARIABLE = YES;
				IPHONEOS_DEPLOYMENT_TARGET = 13.0;
				MTL_ENABLE_DEBUG_INFO = NO;
				MTL_FAST_MATH = YES;
				SDKROOT = iphoneos;
				SWIFT_COMPILATION_MODE = wholemodule;
				SWIFT_OPTIMIZATION_LEVEL = "-O";
				VALIDATE_PRODUCT = YES;
			};
			name = Release;
		};
		ACC32BC422DF8E8F00B23498 /* Debug */ = {
			isa = XCBuildConfiguration;
			buildSettings = {
				ASSETCATALOG_COMPILER_APPICON_NAME = AppIcon;
				CODE_SIGN_STYLE = Automatic;
				DEVELOPMENT_ASSET_PATHS = "SwiftUITableViewSheeps/Preview\\ Content";
				DEVELOPMENT_TEAM = SP8ZAT56L5;
				ENABLE_PREVIEWS = YES;
				INFOPLIST_FILE = SwiftUITableViewSheeps/Info.plist;
				LD_RUNPATH_SEARCH_PATHS = (
					"$(inherited)",
					"@executable_path/Frameworks",
				);
				PRODUCT_BUNDLE_IDENTIFIER = Art.SwiftUITableViewSheeps;
				PRODUCT_NAME = "$(TARGET_NAME)";
				SWIFT_VERSION = 5.0;
				TARGETED_DEVICE_FAMILY = "1,2";
			};
			name = Debug;
		};
		ACC32BC522DF8E8F00B23498 /* Release */ = {
			isa = XCBuildConfiguration;
			buildSettings = {
				ASSETCATALOG_COMPILER_APPICON_NAME = AppIcon;
				CODE_SIGN_STYLE = Automatic;
				DEVELOPMENT_ASSET_PATHS = "SwiftUITableViewSheeps/Preview\\ Content";
				DEVELOPMENT_TEAM = SP8ZAT56L5;
				ENABLE_PREVIEWS = YES;
				INFOPLIST_FILE = SwiftUITableViewSheeps/Info.plist;
				LD_RUNPATH_SEARCH_PATHS = (
					"$(inherited)",
					"@executable_path/Frameworks",
				);
				PRODUCT_BUNDLE_IDENTIFIER = Art.SwiftUITableViewSheeps;
				PRODUCT_NAME = "$(TARGET_NAME)";
				SWIFT_VERSION = 5.0;
				TARGETED_DEVICE_FAMILY = "1,2";
			};
			name = Release;
		};
/* End XCBuildConfiguration section */

/* Begin XCConfigurationList section */
		ACC32BAA22DF8E8D00B23498 /* Build configuration list for PBXProject "SwiftUITableViewSheeps" */ = {
			isa = XCConfigurationList;
			buildConfigurations = (
				ACC32BC122DF8E8F00B23498 /* Debug */,
				ACC32BC222DF8E8F00B23498 /* Release */,
			);
			defaultConfigurationIsVisible = 0;
			defaultConfigurationName = Release;
		};
		ACC32BC322DF8E8F00B23498 /* Build configuration list for PBXNativeTarget "SwiftUITableViewSheeps" */ = {
			isa = XCConfigurationList;
			buildConfigurations = (
				ACC32BC422DF8E8F00B23498 /* Debug */,
				ACC32BC522DF8E8F00B23498 /* Release */,
			);
			defaultConfigurationIsVisible = 0;
			defaultConfigurationName = Release;
		};
/* End XCConfigurationList section */
	};
	rootObject = ACC32BA722DF8E8D00B23498 /* Project object */;
}
